
Microsoft Visual Studio Solution File, Format Version 12.00
# Visual Studio Version 16
VisualStudioVersion = 16.0.29806.167
MinimumVisualStudioVersion = 10.0.40219.1
Project("{9A19103F-16F7-4668-BE54-9A1E7A4F7556}") = "OKEX.Auto.Core", "src\OKEX.Auto.Core\OKEX.Auto.Core.csproj", "{1F933B9D-9203-4AFB-ACD7-97D21AF440CD}"
EndProject
Project("{9A19103F-16F7-4668-BE54-9A1E7A4F7556}") = "OKEX.Auto.TradeApi", "src\OKEX.Auto.TradeApi\OKEX.Auto.TradeApi.csproj", "{EEDA2631-3656-4CBC-AF16-9569A7983F66}"
EndProject
Project("{9A19103F-16F7-4668-BE54-9A1E7A4F7556}") = "OKEX.Auto.Core.Domain", "src\OKEX.Auto.Core.Domain\OKEX.Auto.Core.Domain.csproj", "{EB5FA252-04F9-48AB-BE64-7A5142365E1A}"
EndProject
Project("{9A19103F-16F7-4668-BE54-9A1E7A4F7556}") = "OKEX.Auto.Core.Application", "src\OKEX.Auto.Core.Application\OKEX.Auto.Core.Application.csproj", "{70A0B8D9-9EB5-423B-A790-68B03652052E}"
EndProject
Project("{9A19103F-16F7-4668-BE54-9A1E7A4F7556}") = "OKEX.Auto.Core.ORM", "src\OKEX.Auto.Core.ORM\OKEX.Auto.Core.ORM.csproj", "{D5901FCE-4604-47A2-8CA4-7CCE0BE5ACBE}"
EndProject
Project("{FAE04EC0-301F-11D3-BF4B-00C04F79EFBC}") = "OKEX.Auto.TradeAdmin", "src\OKEX.Auto.TradeAdmin\OKEX.Auto.TradeAdmin.csproj", "{6206173E-6141-4970-B66F-E4767E4C0081}"
EndProject
Global
	GlobalSection(SolutionConfigurationPlatforms) = preSolution
		Debug|Any CPU = Debug|Any CPU
		Release|Any CPU = Release|Any CPU
	EndGlobalSection
	GlobalSection(ProjectConfigurationPlatforms) = postSolution
		{1F933B9D-9203-4AFB-ACD7-97D21AF440CD}.Debug|Any CPU.ActiveCfg = Debug|Any CPU
		{1F933B9D-9203-4AFB-ACD7-97D21AF440CD}.Debug|Any CPU.Build.0 = Debug|Any CPU
		{1F933B9D-9203-4AFB-ACD7-97D21AF440CD}.Release|Any CPU.ActiveCfg = Release|Any CPU
		{1F933B9D-9203-4AFB-ACD7-97D21AF440CD}.Release|Any CPU.Build.0 = Release|Any CPU
		{EEDA2631-3656-4CBC-AF16-9569A7983F66}.Debug|Any CPU.ActiveCfg = Debug|Any CPU
		{EEDA2631-3656-4CBC-AF16-9569A7983F66}.Debug|Any CPU.Build.0 = Debug|Any CPU
		{EEDA2631-3656-4CBC-AF16-9569A7983F66}.Release|Any CPU.ActiveCfg = Release|Any CPU
		{EEDA2631-3656-4CBC-AF16-9569A7983F66}.Release|Any CPU.Build.0 = Release|Any CPU
		{EB5FA252-04F9-48AB-BE64-7A5142365E1A}.Debug|Any CPU.ActiveCfg = Debug|Any CPU
		{EB5FA252-04F9-48AB-BE64-7A5142365E1A}.Debug|Any CPU.Build.0 = Debug|Any CPU
		{EB5FA252-04F9-48AB-BE64-7A5142365E1A}.Release|Any CPU.ActiveCfg = Release|Any CPU
		{EB5FA252-04F9-48AB-BE64-7A5142365E1A}.Release|Any CPU.Build.0 = Release|Any CPU
		{70A0B8D9-9EB5-423B-A790-68B03652052E}.Debug|Any CPU.ActiveCfg = Debug|Any CPU
		{70A0B8D9-9EB5-423B-A790-68B03652052E}.Debug|Any CPU.Build.0 = Debug|Any CPU
		{70A0B8D9-9EB5-423B-A790-68B03652052E}.Release|Any CPU.ActiveCfg = Release|Any CPU
		{70A0B8D9-9EB5-423B-A790-68B03652052E}.Release|Any CPU.Build.0 = Release|Any CPU
		{D5901FCE-4604-47A2-8CA4-7CCE0BE5ACBE}.Debug|Any CPU.ActiveCfg = Debug|Any CPU
		{D5901FCE-4604-47A2-8CA4-7CCE0BE5ACBE}.Debug|Any CPU.Build.0 = Debug|Any CPU
		{D5901FCE-4604-47A2-8CA4-7CCE0BE5ACBE}.Release|Any CPU.ActiveCfg = Release|Any CPU
		{D5901FCE-4604-47A2-8CA4-7CCE0BE5ACBE}.Release|Any CPU.Build.0 = Release|Any CPU
		{6206173E-6141-4970-B66F-E4767E4C0081}.Debug|Any CPU.ActiveCfg = Debug|Any CPU
		{6206173E-6141-4970-B66F-E4767E4C0081}.Debug|Any CPU.Build.0 = Debug|Any CPU
		{6206173E-6141-4970-B66F-E4767E4C0081}.Release|Any CPU.ActiveCfg = Release|Any CPU
		{6206173E-6141-4970-B66F-E4767E4C0081}.Release|Any CPU.Build.0 = Release|Any CPU
	EndGlobalSection
	GlobalSection(SolutionProperties) = preSolution
		HideSolutionNode = FALSE
	EndGlobalSection
	GlobalSection(ExtensibilityGlobals) = postSolution
		SolutionGuid = {F7D74226-58F9-4EF7-A468-8B9568EDE49E}
	EndGlobalSection
EndGlobal
